
Microsoft Visual Studio Solution File, Format Version 12.00
# Visual Studio Version 16
VisualStudioVersion = 16.0.31112.23
MinimumVisualStudioVersion = 10.0.40219.1
Project("{FAE04EC0-301F-11D3-BF4B-00C04F79EFBC}") = "WebStore", "WebStore\WebStore.csproj", "{108CE7B2-80B5-44B0-90C1-AA36254E45CD}"
EndProject
Global
	GlobalSection(SolutionConfigurationPlatforms) = preSolution
		Debug|Any CPU = Debug|Any CPU
		Release|Any CPU = Release|Any CPU
	EndGlobalSection
	GlobalSection(ProjectConfigurationPlatforms) = postSolution
		{108CE7B2-80B5-44B0-90C1-AA36254E45CD}.Debug|Any CPU.ActiveCfg = Debug|Any CPU
		{108CE7B2-80B5-44B0-90C1-AA36254E45CD}.Debug|Any CPU.Build.0 = Debug|Any CPU
		{108CE7B2-80B5-44B0-90C1-AA36254E45CD}.Release|Any CPU.ActiveCfg = Release|Any CPU
		{108CE7B2-80B5-44B0-90C1-AA36254E45CD}.Release|Any CPU.Build.0 = Release|Any CPU
	EndGlobalSection
	GlobalSection(SolutionProperties) = preSolution
		HideSolutionNode = FALSE
	EndGlobalSection
	GlobalSection(ExtensibilityGlobals) = postSolution
		SolutionGuid = {2311DE98-E998-464D-BC77-529CE078F74F}
	EndGlobalSection
EndGlobal
